
Microsoft Visual Studio Solution File, Format Version 12.00
# Visual Studio Version 17
VisualStudioVersion = 17.0.31903.59
MinimumVisualStudioVersion = 10.0.40219.1
Project("{2150E333-8FDC-42A3-9474-1A3956D46DE8}") = "src", "src", "{EC59FFA7-347F-402E-971B-309456AAC970}"
EndProject
Project("{2150E333-8FDC-42A3-9474-1A3956D46DE8}") = "tests", "tests", "{C06CC62C-7C06-40DD-AC11-AC867E116C5E}"
	ProjectSection(SolutionItems) = preProject
		tests\Directory.Build.props = tests\Directory.Build.props
		tests\Directory.Packages.props = tests\Directory.Packages.props
	EndProjectSection
EndProject
Project("{2150E333-8FDC-42A3-9474-1A3956D46DE8}") = "libs", "libs", "{80F6CC46-A5F0-44AC-8376-6C1DD814C34A}"
EndProject
Project("{FAE04EC0-301F-11D3-BF4B-00C04F79EFBC}") = "MeuBolso.Infrastructure", "src\MeuBolso.Infrastructure\MeuBolso.Infrastructure.csproj", "{78F2D865-B4F0-4A73-8A7C-AAE21DC39496}"
EndProject
Project("{FAE04EC0-301F-11D3-BF4B-00C04F79EFBC}") = "MeuBolso.Application", "src\MeuBolso.Application\MeuBolso.Application.csproj", "{9A10EABA-94DF-4105-8C51-9D5A689891BB}"
EndProject
Project("{FAE04EC0-301F-11D3-BF4B-00C04F79EFBC}") = "MeuBolso.Account.Api", "src\MeuBolso.Api\MeuBolso.Account.Api.csproj", "{6CB2F85A-9563-4409-86FE-6E29A1236921}"
EndProject
Project("{2150E333-8FDC-42A3-9474-1A3956D46DE8}") = "Solution Items", "Solution Items", "{8EC462FD-D22E-90A8-E5CE-7E832BA40C5D}"
	ProjectSection(SolutionItems) = preProject
		.editorconfig = .editorconfig
		Directory.Build.props = Directory.Build.props
		Directory.Packages.props = Directory.Packages.props
		README.md = README.md
	EndProjectSection
EndProject
Project("{FAE04EC0-301F-11D3-BF4B-00C04F79EFBC}") = "MeuBolso.Domain", "src\MeuBolso.Domain\MeuBolso.Domain.csproj", "{FE881C10-035A-3E20-01AA-6D7474D5E819}"
EndProject
Project("{FAE04EC0-301F-11D3-BF4B-00C04F79EFBC}") = "MeuBolso.AppHost", "src\MeuBolso.AppHost\MeuBolso.AppHost.csproj", "{E3775636-3C63-48E8-A7C4-476F15FC915B}"
EndProject
Project("{FAE04EC0-301F-11D3-BF4B-00C04F79EFBC}") = "MeuBolso.Api.Tests", "tests\MeuBolso.Api.Tests\MeuBolso.Api.Tests.csproj", "{1D6F5323-B52D-45F9-82A1-48DA489AE82E}"
EndProject
Project("{FAE04EC0-301F-11D3-BF4B-00C04F79EFBC}") = "MeuBolso.Account.Worker", "src\MeuBolso.Consumer\MeuBolso.Account.Worker.csproj", "{F7FBC269-DC17-4F95-B6D9-CFB2C78C5F05}"
EndProject
Project("{FAE04EC0-301F-11D3-BF4B-00C04F79EFBC}") = "MeuBolso.IdentifyServer.Api", "src\MeuBolso.IdentifyServer.Api\MeuBolso.IdentifyServer.Api.csproj", "{91570589-7093-23F4-D95E-E0A2D8559D9E}"
EndProject
Project("{2150E333-8FDC-42A3-9474-1A3956D46DE8}") = "IdentityServer", "IdentityServer", "{02EA681E-C7D8-13C7-8484-4AC65E1B71E8}"
EndProject
Project("{2150E333-8FDC-42A3-9474-1A3956D46DE8}") = "Account", "Account", "{AA7E8D2A-8C05-4BB0-88B6-C50C812F90B1}"
EndProject
Project("{2150E333-8FDC-42A3-9474-1A3956D46DE8}") = "Reports", "Reports", "{3EC7DB0F-898D-4E71-928B-3662E56D6D53}"
EndProject
Project("{2150E333-8FDC-42A3-9474-1A3956D46DE8}") = "Core", "Core", "{B16924A9-8EB8-40DB-94F9-B0E890005CF3}"
EndProject
Global
	GlobalSection(SolutionConfigurationPlatforms) = preSolution
		Debug|Any CPU = Debug|Any CPU
		Debug|x64 = Debug|x64
		Debug|x86 = Debug|x86
		Release|Any CPU = Release|Any CPU
		Release|x64 = Release|x64
		Release|x86 = Release|x86
	EndGlobalSection
	GlobalSection(ProjectConfigurationPlatforms) = postSolution
		{78F2D865-B4F0-4A73-8A7C-AAE21DC39496}.Debug|Any CPU.ActiveCfg = Debug|Any CPU
		{78F2D865-B4F0-4A73-8A7C-AAE21DC39496}.Debug|Any CPU.Build.0 = Debug|Any CPU
		{78F2D865-B4F0-4A73-8A7C-AAE21DC39496}.Debug|x64.ActiveCfg = Debug|Any CPU
		{78F2D865-B4F0-4A73-8A7C-AAE21DC39496}.Debug|x64.Build.0 = Debug|Any CPU
		{78F2D865-B4F0-4A73-8A7C-AAE21DC39496}.Debug|x86.ActiveCfg = Debug|Any CPU
		{78F2D865-B4F0-4A73-8A7C-AAE21DC39496}.Debug|x86.Build.0 = Debug|Any CPU
		{78F2D865-B4F0-4A73-8A7C-AAE21DC39496}.Release|Any CPU.ActiveCfg = Release|Any CPU
		{78F2D865-B4F0-4A73-8A7C-AAE21DC39496}.Release|Any CPU.Build.0 = Release|Any CPU
		{78F2D865-B4F0-4A73-8A7C-AAE21DC39496}.Release|x64.ActiveCfg = Release|Any CPU
		{78F2D865-B4F0-4A73-8A7C-AAE21DC39496}.Release|x64.Build.0 = Release|Any CPU
		{78F2D865-B4F0-4A73-8A7C-AAE21DC39496}.Release|x86.ActiveCfg = Release|Any CPU
		{78F2D865-B4F0-4A73-8A7C-AAE21DC39496}.Release|x86.Build.0 = Release|Any CPU
		{9A10EABA-94DF-4105-8C51-9D5A689891BB}.Debug|Any CPU.ActiveCfg = Debug|Any CPU
		{9A10EABA-94DF-4105-8C51-9D5A689891BB}.Debug|Any CPU.Build.0 = Debug|Any CPU
		{9A10EABA-94DF-4105-8C51-9D5A689891BB}.Debug|x64.ActiveCfg = Debug|Any CPU
		{9A10EABA-94DF-4105-8C51-9D5A689891BB}.Debug|x64.Build.0 = Debug|Any CPU
		{9A10EABA-94DF-4105-8C51-9D5A689891BB}.Debug|x86.ActiveCfg = Debug|Any CPU
		{9A10EABA-94DF-4105-8C51-9D5A689891BB}.Debug|x86.Build.0 = Debug|Any CPU
		{9A10EABA-94DF-4105-8C51-9D5A689891BB}.Release|Any CPU.ActiveCfg = Release|Any CPU
		{9A10EABA-94DF-4105-8C51-9D5A689891BB}.Release|Any CPU.Build.0 = Release|Any CPU
		{9A10EABA-94DF-4105-8C51-9D5A689891BB}.Release|x64.ActiveCfg = Release|Any CPU
		{9A10EABA-94DF-4105-8C51-9D5A689891BB}.Release|x64.Build.0 = Release|Any CPU
		{9A10EABA-94DF-4105-8C51-9D5A689891BB}.Release|x86.ActiveCfg = Release|Any CPU
		{9A10EABA-94DF-4105-8C51-9D5A689891BB}.Release|x86.Build.0 = Release|Any CPU
		{6CB2F85A-9563-4409-86FE-6E29A1236921}.Debug|Any CPU.ActiveCfg = Debug|Any CPU
		{6CB2F85A-9563-4409-86FE-6E29A1236921}.Debug|Any CPU.Build.0 = Debug|Any CPU
		{6CB2F85A-9563-4409-86FE-6E29A1236921}.Debug|x64.ActiveCfg = Debug|Any CPU
		{6CB2F85A-9563-4409-86FE-6E29A1236921}.Debug|x64.Build.0 = Debug|Any CPU
		{6CB2F85A-9563-4409-86FE-6E29A1236921}.Debug|x86.ActiveCfg = Debug|Any CPU
		{6CB2F85A-9563-4409-86FE-6E29A1236921}.Debug|x86.Build.0 = Debug|Any CPU
		{6CB2F85A-9563-4409-86FE-6E29A1236921}.Release|Any CPU.ActiveCfg = Release|Any CPU
		{6CB2F85A-9563-4409-86FE-6E29A1236921}.Release|Any CPU.Build.0 = Release|Any CPU
		{6CB2F85A-9563-4409-86FE-6E29A1236921}.Release|x64.ActiveCfg = Release|Any CPU
		{6CB2F85A-9563-4409-86FE-6E29A1236921}.Release|x64.Build.0 = Release|Any CPU
		{6CB2F85A-9563-4409-86FE-6E29A1236921}.Release|x86.ActiveCfg = Release|Any CPU
		{6CB2F85A-9563-4409-86FE-6E29A1236921}.Release|x86.Build.0 = Release|Any CPU
		{FE881C10-035A-3E20-01AA-6D7474D5E819}.Debug|Any CPU.ActiveCfg = Debug|Any CPU
		{FE881C10-035A-3E20-01AA-6D7474D5E819}.Debug|Any CPU.Build.0 = Debug|Any CPU
		{FE881C10-035A-3E20-01AA-6D7474D5E819}.Debug|x64.ActiveCfg = Debug|Any CPU
		{FE881C10-035A-3E20-01AA-6D7474D5E819}.Debug|x64.Build.0 = Debug|Any CPU
		{FE881C10-035A-3E20-01AA-6D7474D5E819}.Debug|x86.ActiveCfg = Debug|Any CPU
		{FE881C10-035A-3E20-01AA-6D7474D5E819}.Debug|x86.Build.0 = Debug|Any CPU
		{FE881C10-035A-3E20-01AA-6D7474D5E819}.Release|Any CPU.ActiveCfg = Release|Any CPU
		{FE881C10-035A-3E20-01AA-6D7474D5E819}.Release|Any CPU.Build.0 = Release|Any CPU
		{FE881C10-035A-3E20-01AA-6D7474D5E819}.Release|x64.ActiveCfg = Release|Any CPU
		{FE881C10-035A-3E20-01AA-6D7474D5E819}.Release|x64.Build.0 = Release|Any CPU
		{FE881C10-035A-3E20-01AA-6D7474D5E819}.Release|x86.ActiveCfg = Release|Any CPU
		{FE881C10-035A-3E20-01AA-6D7474D5E819}.Release|x86.Build.0 = Release|Any CPU
		{E3775636-3C63-48E8-A7C4-476F15FC915B}.Debug|Any CPU.ActiveCfg = Debug|Any CPU
		{E3775636-3C63-48E8-A7C4-476F15FC915B}.Debug|Any CPU.Build.0 = Debug|Any CPU
		{E3775636-3C63-48E8-A7C4-476F15FC915B}.Debug|x64.ActiveCfg = Debug|Any CPU
		{E3775636-3C63-48E8-A7C4-476F15FC915B}.Debug|x64.Build.0 = Debug|Any CPU
		{E3775636-3C63-48E8-A7C4-476F15FC915B}.Debug|x86.ActiveCfg = Debug|Any CPU
		{E3775636-3C63-48E8-A7C4-476F15FC915B}.Debug|x86.Build.0 = Debug|Any CPU
		{E3775636-3C63-48E8-A7C4-476F15FC915B}.Release|Any CPU.ActiveCfg = Release|Any CPU
		{E3775636-3C63-48E8-A7C4-476F15FC915B}.Release|Any CPU.Build.0 = Release|Any CPU
		{E3775636-3C63-48E8-A7C4-476F15FC915B}.Release|x64.ActiveCfg = Release|Any CPU
		{E3775636-3C63-48E8-A7C4-476F15FC915B}.Release|x64.Build.0 = Release|Any CPU
		{E3775636-3C63-48E8-A7C4-476F15FC915B}.Release|x86.ActiveCfg = Release|Any CPU
		{E3775636-3C63-48E8-A7C4-476F15FC915B}.Release|x86.Build.0 = Release|Any CPU
		{1D6F5323-B52D-45F9-82A1-48DA489AE82E}.Debug|Any CPU.ActiveCfg = Debug|Any CPU
		{1D6F5323-B52D-45F9-82A1-48DA489AE82E}.Debug|Any CPU.Build.0 = Debug|Any CPU
		{1D6F5323-B52D-45F9-82A1-48DA489AE82E}.Debug|x64.ActiveCfg = Debug|Any CPU
		{1D6F5323-B52D-45F9-82A1-48DA489AE82E}.Debug|x64.Build.0 = Debug|Any CPU
		{1D6F5323-B52D-45F9-82A1-48DA489AE82E}.Debug|x86.ActiveCfg = Debug|Any CPU
		{1D6F5323-B52D-45F9-82A1-48DA489AE82E}.Debug|x86.Build.0 = Debug|Any CPU
		{1D6F5323-B52D-45F9-82A1-48DA489AE82E}.Release|Any CPU.ActiveCfg = Release|Any CPU
		{1D6F5323-B52D-45F9-82A1-48DA489AE82E}.Release|Any CPU.Build.0 = Release|Any CPU
		{1D6F5323-B52D-45F9-82A1-48DA489AE82E}.Release|x64.ActiveCfg = Release|Any CPU
		{1D6F5323-B52D-45F9-82A1-48DA489AE82E}.Release|x64.Build.0 = Release|Any CPU
		{1D6F5323-B52D-45F9-82A1-48DA489AE82E}.Release|x86.ActiveCfg = Release|Any CPU
		{1D6F5323-B52D-45F9-82A1-48DA489AE82E}.Release|x86.Build.0 = Release|Any CPU
		{F7FBC269-DC17-4F95-B6D9-CFB2C78C5F05}.Debug|Any CPU.ActiveCfg = Debug|Any CPU
		{F7FBC269-DC17-4F95-B6D9-CFB2C78C5F05}.Debug|Any CPU.Build.0 = Debug|Any CPU
		{F7FBC269-DC17-4F95-B6D9-CFB2C78C5F05}.Debug|x64.ActiveCfg = Debug|Any CPU
		{F7FBC269-DC17-4F95-B6D9-CFB2C78C5F05}.Debug|x64.Build.0 = Debug|Any CPU
		{F7FBC269-DC17-4F95-B6D9-CFB2C78C5F05}.Debug|x86.ActiveCfg = Debug|Any CPU
		{F7FBC269-DC17-4F95-B6D9-CFB2C78C5F05}.Debug|x86.Build.0 = Debug|Any CPU
		{F7FBC269-DC17-4F95-B6D9-CFB2C78C5F05}.Release|Any CPU.ActiveCfg = Release|Any CPU
		{F7FBC269-DC17-4F95-B6D9-CFB2C78C5F05}.Release|Any CPU.Build.0 = Release|Any CPU
		{F7FBC269-DC17-4F95-B6D9-CFB2C78C5F05}.Release|x64.ActiveCfg = Release|Any CPU
		{F7FBC269-DC17-4F95-B6D9-CFB2C78C5F05}.Release|x64.Build.0 = Release|Any CPU
		{F7FBC269-DC17-4F95-B6D9-CFB2C78C5F05}.Release|x86.ActiveCfg = Release|Any CPU
		{F7FBC269-DC17-4F95-B6D9-CFB2C78C5F05}.Release|x86.Build.0 = Release|Any CPU
		{91570589-7093-23F4-D95E-E0A2D8559D9E}.Debug|Any CPU.ActiveCfg = Debug|Any CPU
		{91570589-7093-23F4-D95E-E0A2D8559D9E}.Debug|Any CPU.Build.0 = Debug|Any CPU
		{91570589-7093-23F4-D95E-E0A2D8559D9E}.Debug|x64.ActiveCfg = Debug|Any CPU
		{91570589-7093-23F4-D95E-E0A2D8559D9E}.Debug|x64.Build.0 = Debug|Any CPU
		{91570589-7093-23F4-D95E-E0A2D8559D9E}.Debug|x86.ActiveCfg = Debug|Any CPU
		{91570589-7093-23F4-D95E-E0A2D8559D9E}.Debug|x86.Build.0 = Debug|Any CPU
		{91570589-7093-23F4-D95E-E0A2D8559D9E}.Release|Any CPU.ActiveCfg = Release|Any CPU
		{91570589-7093-23F4-D95E-E0A2D8559D9E}.Release|Any CPU.Build.0 = Release|Any CPU
		{91570589-7093-23F4-D95E-E0A2D8559D9E}.Release|x64.ActiveCfg = Release|Any CPU
		{91570589-7093-23F4-D95E-E0A2D8559D9E}.Release|x64.Build.0 = Release|Any CPU
		{91570589-7093-23F4-D95E-E0A2D8559D9E}.Release|x86.ActiveCfg = Release|Any CPU
		{91570589-7093-23F4-D95E-E0A2D8559D9E}.Release|x86.Build.0 = Release|Any CPU
	EndGlobalSection
	GlobalSection(SolutionProperties) = preSolution
		HideSolutionNode = FALSE
	EndGlobalSection
	GlobalSection(NestedProjects) = preSolution
		{78F2D865-B4F0-4A73-8A7C-AAE21DC39496} = {B16924A9-8EB8-40DB-94F9-B0E890005CF3}
		{9A10EABA-94DF-4105-8C51-9D5A689891BB} = {B16924A9-8EB8-40DB-94F9-B0E890005CF3}
		{6CB2F85A-9563-4409-86FE-6E29A1236921} = {AA7E8D2A-8C05-4BB0-88B6-C50C812F90B1}
		{FE881C10-035A-3E20-01AA-6D7474D5E819} = {B16924A9-8EB8-40DB-94F9-B0E890005CF3}
		{E3775636-3C63-48E8-A7C4-476F15FC915B} = {EC59FFA7-347F-402E-971B-309456AAC970}
		{1D6F5323-B52D-45F9-82A1-48DA489AE82E} = {C06CC62C-7C06-40DD-AC11-AC867E116C5E}
		{F7FBC269-DC17-4F95-B6D9-CFB2C78C5F05} = {AA7E8D2A-8C05-4BB0-88B6-C50C812F90B1}
		{91570589-7093-23F4-D95E-E0A2D8559D9E} = {02EA681E-C7D8-13C7-8484-4AC65E1B71E8}
		{02EA681E-C7D8-13C7-8484-4AC65E1B71E8} = {EC59FFA7-347F-402E-971B-309456AAC970}
		{AA7E8D2A-8C05-4BB0-88B6-C50C812F90B1} = {EC59FFA7-347F-402E-971B-309456AAC970}
		{3EC7DB0F-898D-4E71-928B-3662E56D6D53} = {EC59FFA7-347F-402E-971B-309456AAC970}
		{B16924A9-8EB8-40DB-94F9-B0E890005CF3} = {EC59FFA7-347F-402E-971B-309456AAC970}
	EndGlobalSection
	GlobalSection(ExtensibilityGlobals) = postSolution
		SolutionGuid = {F62B580F-E492-445C-BC75-D832261EF2D9}
	EndGlobalSection
EndGlobal
